
Microsoft Visual Studio Solution File, Format Version 12.00
# Visual Studio Version 17
VisualStudioVersion = 17.5.33530.505
MinimumVisualStudioVersion = 10.0.40219.1
Project("{FAE04EC0-301F-11D3-BF4B-00C04F79EFBC}") = "DestinyVaultSorter", "DestinyVaultSorter.csproj", "{440B856B-2C4C-4B2E-BD3E-C8187E1A7645}"
EndProject
Global
	GlobalSection(SolutionConfigurationPlatforms) = preSolution
		Debug|Any CPU = Debug|Any CPU
		Release|Any CPU = Release|Any CPU
	EndGlobalSection
	GlobalSection(ProjectConfigurationPlatforms) = postSolution
		{440B856B-2C4C-4B2E-BD3E-C8187E1A7645}.Debug|Any CPU.ActiveCfg = Debug|Any CPU
		{440B856B-2C4C-4B2E-BD3E-C8187E1A7645}.Debug|Any CPU.Build.0 = Debug|Any CPU
		{440B856B-2C4C-4B2E-BD3E-C8187E1A7645}.Release|Any CPU.ActiveCfg = Release|Any CPU
		{440B856B-2C4C-4B2E-BD3E-C8187E1A7645}.Release|Any CPU.Build.0 = Release|Any CPU
	EndGlobalSection
	GlobalSection(SolutionProperties) = preSolution
		HideSolutionNode = FALSE
	EndGlobalSection
	GlobalSection(ExtensibilityGlobals) = postSolution
		SolutionGuid = {A3CCFE70-066C-4B79-9435-2C4F894080AD}
	EndGlobalSection
EndGlobal
